
Microsoft Visual Studio Solution File, Format Version 12.00
# Visual Studio Version 16
VisualStudioVersion = 16.0.31515.178
MinimumVisualStudioVersion = 10.0.40219.1
Project("{FAE04EC0-301F-11D3-BF4B-00C04F79EFBC}") = "TeddyShop.Web", "TeddyShop.Web\TeddyShop.Web.csproj", "{3CB15E7F-7E5A-4063-8D3C-57A0CB77DBC2}"
EndProject
Project("{FAE04EC0-301F-11D3-BF4B-00C04F79EFBC}") = "TeddyShop.UnitTest", "TeddyShop.UnitTest\TeddyShop.UnitTest.csproj", "{61DCBC1D-89C5-4759-BA0A-32508DF96FA0}"
EndProject
Project("{FAE04EC0-301F-11D3-BF4B-00C04F79EFBC}") = "TeddyShop.Common", "TeddyShop.Common\TeddyShop.Common.csproj", "{583945B0-210D-4AD7-B13A-785A3DE4F604}"
EndProject
Project("{FAE04EC0-301F-11D3-BF4B-00C04F79EFBC}") = "TeddyShop.Model", "TeddyShop.Model\TeddyShop.Model.csproj", "{29F345F5-2250-4217-91D9-6E75E3B7C37B}"
EndProject
Project("{FAE04EC0-301F-11D3-BF4B-00C04F79EFBC}") = "TeddyShop.Data", "TeddyShop.Data\TeddyShop.Data.csproj", "{50096E26-A157-462F-B051-FF61D87059F2}"
EndProject
Project("{FAE04EC0-301F-11D3-BF4B-00C04F79EFBC}") = "TeddyShop.Service", "TeddyShop.Service\TeddyShop.Service.csproj", "{35D8EB76-D118-4A34-AD36-980FCB216D7E}"
EndProject
Global
	GlobalSection(SolutionConfigurationPlatforms) = preSolution
		Debug|Any CPU = Debug|Any CPU
		Release|Any CPU = Release|Any CPU
	EndGlobalSection
	GlobalSection(ProjectConfigurationPlatforms) = postSolution
		{3CB15E7F-7E5A-4063-8D3C-57A0CB77DBC2}.Debug|Any CPU.ActiveCfg = Debug|Any CPU
		{3CB15E7F-7E5A-4063-8D3C-57A0CB77DBC2}.Debug|Any CPU.Build.0 = Debug|Any CPU
		{3CB15E7F-7E5A-4063-8D3C-57A0CB77DBC2}.Release|Any CPU.ActiveCfg = Release|Any CPU
		{3CB15E7F-7E5A-4063-8D3C-57A0CB77DBC2}.Release|Any CPU.Build.0 = Release|Any CPU
		{61DCBC1D-89C5-4759-BA0A-32508DF96FA0}.Debug|Any CPU.ActiveCfg = Debug|Any CPU
		{61DCBC1D-89C5-4759-BA0A-32508DF96FA0}.Debug|Any CPU.Build.0 = Debug|Any CPU
		{61DCBC1D-89C5-4759-BA0A-32508DF96FA0}.Release|Any CPU.ActiveCfg = Release|Any CPU
		{61DCBC1D-89C5-4759-BA0A-32508DF96FA0}.Release|Any CPU.Build.0 = Release|Any CPU
		{583945B0-210D-4AD7-B13A-785A3DE4F604}.Debug|Any CPU.ActiveCfg = Debug|Any CPU
		{583945B0-210D-4AD7-B13A-785A3DE4F604}.Debug|Any CPU.Build.0 = Debug|Any CPU
		{583945B0-210D-4AD7-B13A-785A3DE4F604}.Release|Any CPU.ActiveCfg = Release|Any CPU
		{583945B0-210D-4AD7-B13A-785A3DE4F604}.Release|Any CPU.Build.0 = Release|Any CPU
		{29F345F5-2250-4217-91D9-6E75E3B7C37B}.Debug|Any CPU.ActiveCfg = Debug|Any CPU
		{29F345F5-2250-4217-91D9-6E75E3B7C37B}.Debug|Any CPU.Build.0 = Debug|Any CPU
		{29F345F5-2250-4217-91D9-6E75E3B7C37B}.Release|Any CPU.ActiveCfg = Release|Any CPU
		{29F345F5-2250-4217-91D9-6E75E3B7C37B}.Release|Any CPU.Build.0 = Release|Any CPU
		{50096E26-A157-462F-B051-FF61D87059F2}.Debug|Any CPU.ActiveCfg = Debug|Any CPU
		{50096E26-A157-462F-B051-FF61D87059F2}.Debug|Any CPU.Build.0 = Debug|Any CPU
		{50096E26-A157-462F-B051-FF61D87059F2}.Release|Any CPU.ActiveCfg = Release|Any CPU
		{50096E26-A157-462F-B051-FF61D87059F2}.Release|Any CPU.Build.0 = Release|Any CPU
		{35D8EB76-D118-4A34-AD36-980FCB216D7E}.Debug|Any CPU.ActiveCfg = Debug|Any CPU
		{35D8EB76-D118-4A34-AD36-980FCB216D7E}.Debug|Any CPU.Build.0 = Debug|Any CPU
		{35D8EB76-D118-4A34-AD36-980FCB216D7E}.Release|Any CPU.ActiveCfg = Release|Any CPU
		{35D8EB76-D118-4A34-AD36-980FCB216D7E}.Release|Any CPU.Build.0 = Release|Any CPU
	EndGlobalSection
	GlobalSection(SolutionProperties) = preSolution
		HideSolutionNode = FALSE
	EndGlobalSection
	GlobalSection(ExtensibilityGlobals) = postSolution
		SolutionGuid = {1735A6FD-00C0-43B0-81CD-501A5C37D3B7}
	EndGlobalSection
EndGlobal
